// !$*UTF8*$!
{
	archiveVersion = 1;
	classes = {
	};
	objectVersion = 56;
	objects = {

/* Begin PBXBuildFile section */
		6C88E8EB2922649700B41574 /* AppDelegate.swift in Sources */ = {isa = PBXBuildFile; fileRef = 6C88E8EA2922649700B41574 /* AppDelegate.swift */; };
		6C88E8ED2922649700B41574 /* SceneDelegate.swift in Sources */ = {isa = PBXBuildFile; fileRef = 6C88E8EC2922649700B41574 /* SceneDelegate.swift */; };
		6C88E8EF2922649700B41574 /* ViewController.swift in Sources */ = {isa = PBXBuildFile; fileRef = 6C88E8EE2922649700B41574 /* ViewController.swift */; };
		6C88E8F42922649800B41574 /* Assets.xcassets in Resources */ = {isa = PBXBuildFile; fileRef = 6C88E8F32922649800B41574 /* Assets.xcassets */; };
		6C88E8F72922649800B41574 /* LaunchScreen.storyboard in Resources */ = {isa = PBXBuildFile; fileRef = 6C88E8F52922649800B41574 /* LaunchScreen.storyboard */; };
		6C88E9022922649800B41574 /* BookSearchApp_UIKitTCATests.swift in Sources */ = {isa = PBXBuildFile; fileRef = 6C88E9012922649800B41574 /* BookSearchApp_UIKitTCATests.swift */; };
		6C88E90C2922649800B41574 /* BookSearchApp_UIKitTCAUITests.swift in Sources */ = {isa = PBXBuildFile; fileRef = 6C88E90B2922649800B41574 /* BookSearchApp_UIKitTCAUITests.swift */; };
		6C88E90E2922649800B41574 /* BookSearchApp_UIKitTCAUITestsLaunchTests.swift in Sources */ = {isa = PBXBuildFile; fileRef = 6C88E90D2922649800B41574 /* BookSearchApp_UIKitTCAUITestsLaunchTests.swift */; };
		6C88E91C2922653400B41574 /* ComposableArchitecture in Frameworks */ = {isa = PBXBuildFile; productRef = 6C88E91B2922653400B41574 /* ComposableArchitecture */; };
		6C88E91E2922653400B41574 /* Dependencies in Frameworks */ = {isa = PBXBuildFile; productRef = 6C88E91D2922653400B41574 /* Dependencies */; };
		6C88E9212922656100B41574 /* Alamofire in Frameworks */ = {isa = PBXBuildFile; productRef = 6C88E9202922656100B41574 /* Alamofire */; };
		6C88E9242922658A00B41574 /* SnapKit in Frameworks */ = {isa = PBXBuildFile; productRef = 6C88E9232922658A00B41574 /* SnapKit */; };
		6C88E9272922659700B41574 /* Then in Frameworks */ = {isa = PBXBuildFile; productRef = 6C88E9262922659700B41574 /* Then */; };
		6C88E92A292265CF00B41574 /* RxCocoa in Frameworks */ = {isa = PBXBuildFile; productRef = 6C88E929292265CF00B41574 /* RxCocoa */; };
		6C88E92C292265CF00B41574 /* RxRelay in Frameworks */ = {isa = PBXBuildFile; productRef = 6C88E92B292265CF00B41574 /* RxRelay */; };
		6C88E92E292265CF00B41574 /* RxSwift in Frameworks */ = {isa = PBXBuildFile; productRef = 6C88E92D292265CF00B41574 /* RxSwift */; };
		6C88E931292265F900B41574 /* Differentiator in Frameworks */ = {isa = PBXBuildFile; productRef = 6C88E930292265F900B41574 /* Differentiator */; };
		6C88E933292265F900B41574 /* RxDataSources in Frameworks */ = {isa = PBXBuildFile; productRef = 6C88E932292265F900B41574 /* RxDataSources */; };
		6C88E93B2922684F00B41574 /* NetworkAPIDefinition.swift in Sources */ = {isa = PBXBuildFile; fileRef = 6C88E93A2922684F00B41574 /* NetworkAPIDefinition.swift */; };
		6C88E93D2922688000B41574 /* Network.swift in Sources */ = {isa = PBXBuildFile; fileRef = 6C88E93C2922688000B41574 /* Network.swift */; };
		6C88E93F292268A400B41574 /* NetworkAPI+URLInfo.swift in Sources */ = {isa = PBXBuildFile; fileRef = 6C88E93E292268A400B41574 /* NetworkAPI+URLInfo.swift */; };
		6C88E941292268DB00B41574 /* NetworkAPI+Method.swift in Sources */ = {isa = PBXBuildFile; fileRef = 6C88E940292268DB00B41574 /* NetworkAPI+Method.swift */; };
		6C88E9432922690100B41574 /* NetworkAPI+RequestInfo.swift in Sources */ = {isa = PBXBuildFile; fileRef = 6C88E9422922690100B41574 /* NetworkAPI+RequestInfo.swift */; };
		6C88E9452922693200B41574 /* NetworkAPIDefinition+Request.swift in Sources */ = {isa = PBXBuildFile; fileRef = 6C88E9442922693200B41574 /* NetworkAPIDefinition+Request.swift */; };
/* End PBXBuildFile section */

/* Begin PBXContainerItemProxy section */
		6C88E8FE2922649800B41574 /* PBXContainerItemProxy */ = {
			isa = PBXContainerItemProxy;
			containerPortal = 6C88E8DF2922649700B41574 /* Project object */;
			proxyType = 1;
			remoteGlobalIDString = 6C88E8E62922649700B41574;
			remoteInfo = BookSearchApp_UIKitTCA;
		};
		6C88E9082922649800B41574 /* PBXContainerItemProxy */ = {
			isa = PBXContainerItemProxy;
			containerPortal = 6C88E8DF2922649700B41574 /* Project object */;
			proxyType = 1;
			remoteGlobalIDString = 6C88E8E62922649700B41574;
			remoteInfo = BookSearchApp_UIKitTCA;
		};
/* End PBXContainerItemProxy section */

/* Begin PBXFileReference section */
		6C88E8E72922649700B41574 /* BookSearchApp_UIKitTCA.app */ = {isa = PBXFileReference; explicitFileType = wrapper.application; includeInIndex = 0; path = BookSearchApp_UIKitTCA.app; sourceTree = BUILT_PRODUCTS_DIR; };
		6C88E8EA2922649700B41574 /* AppDelegate.swift */ = {isa = PBXFileReference; lastKnownFileType = sourcecode.swift; path = AppDelegate.swift; sourceTree = "<group>"; };
		6C88E8EC2922649700B41574 /* SceneDelegate.swift */ = {isa = PBXFileReference; lastKnownFileType = sourcecode.swift; path = SceneDelegate.swift; sourceTree = "<group>"; };
		6C88E8EE2922649700B41574 /* ViewController.swift */ = {isa = PBXFileReference; lastKnownFileType = sourcecode.swift; path = ViewController.swift; sourceTree = "<group>"; };
		6C88E8F32922649800B41574 /* Assets.xcassets */ = {isa = PBXFileReference; lastKnownFileType = folder.assetcatalog; path = Assets.xcassets; sourceTree = "<group>"; };
		6C88E8F62922649800B41574 /* Base */ = {isa = PBXFileReference; lastKnownFileType = file.storyboard; name = Base; path = Base.lproj/LaunchScreen.storyboard; sourceTree = "<group>"; };
		6C88E8F82922649800B41574 /* Info.plist */ = {isa = PBXFileReference; lastKnownFileType = text.plist.xml; path = Info.plist; sourceTree = "<group>"; };
		6C88E8FD2922649800B41574 /* BookSearchApp_UIKitTCATests.xctest */ = {isa = PBXFileReference; explicitFileType = wrapper.cfbundle; includeInIndex = 0; path = BookSearchApp_UIKitTCATests.xctest; sourceTree = BUILT_PRODUCTS_DIR; };
		6C88E9012922649800B41574 /* BookSearchApp_UIKitTCATests.swift */ = {isa = PBXFileReference; lastKnownFileType = sourcecode.swift; path = BookSearchApp_UIKitTCATests.swift; sourceTree = "<group>"; };
		6C88E9072922649800B41574 /* BookSearchApp_UIKitTCAUITests.xctest */ = {isa = PBXFileReference; explicitFileType = wrapper.cfbundle; includeInIndex = 0; path = BookSearchApp_UIKitTCAUITests.xctest; sourceTree = BUILT_PRODUCTS_DIR; };
		6C88E90B2922649800B41574 /* BookSearchApp_UIKitTCAUITests.swift */ = {isa = PBXFileReference; lastKnownFileType = sourcecode.swift; path = BookSearchApp_UIKitTCAUITests.swift; sourceTree = "<group>"; };
		6C88E90D2922649800B41574 /* BookSearchApp_UIKitTCAUITestsLaunchTests.swift */ = {isa = PBXFileReference; lastKnownFileType = sourcecode.swift; path = BookSearchApp_UIKitTCAUITestsLaunchTests.swift; sourceTree = "<group>"; };
		6C88E93A2922684F00B41574 /* NetworkAPIDefinition.swift */ = {isa = PBXFileReference; lastKnownFileType = sourcecode.swift; path = NetworkAPIDefinition.swift; sourceTree = "<group>"; };
		6C88E93C2922688000B41574 /* Network.swift */ = {isa = PBXFileReference; lastKnownFileType = sourcecode.swift; path = Network.swift; sourceTree = "<group>"; };
		6C88E93E292268A400B41574 /* NetworkAPI+URLInfo.swift */ = {isa = PBXFileReference; lastKnownFileType = sourcecode.swift; path = "NetworkAPI+URLInfo.swift"; sourceTree = "<group>"; };
		6C88E940292268DB00B41574 /* NetworkAPI+Method.swift */ = {isa = PBXFileReference; lastKnownFileType = sourcecode.swift; path = "NetworkAPI+Method.swift"; sourceTree = "<group>"; };
		6C88E9422922690100B41574 /* NetworkAPI+RequestInfo.swift */ = {isa = PBXFileReference; lastKnownFileType = sourcecode.swift; path = "NetworkAPI+RequestInfo.swift"; sourceTree = "<group>"; };
		6C88E9442922693200B41574 /* NetworkAPIDefinition+Request.swift */ = {isa = PBXFileReference; lastKnownFileType = sourcecode.swift; path = "NetworkAPIDefinition+Request.swift"; sourceTree = "<group>"; };
/* End PBXFileReference section */

/* Begin PBXFrameworksBuildPhase section */
		6C88E8E42922649700B41574 /* Frameworks */ = {
			isa = PBXFrameworksBuildPhase;
			buildActionMask = 2147483647;
			files = (
				6C88E92A292265CF00B41574 /* RxCocoa in Frameworks */,
				6C88E9272922659700B41574 /* Then in Frameworks */,
				6C88E92C292265CF00B41574 /* RxRelay in Frameworks */,
				6C88E933292265F900B41574 /* RxDataSources in Frameworks */,
				6C88E9212922656100B41574 /* Alamofire in Frameworks */,
				6C88E9242922658A00B41574 /* SnapKit in Frameworks */,
				6C88E91C2922653400B41574 /* ComposableArchitecture in Frameworks */,
				6C88E92E292265CF00B41574 /* RxSwift in Frameworks */,
				6C88E931292265F900B41574 /* Differentiator in Frameworks */,
				6C88E91E2922653400B41574 /* Dependencies in Frameworks */,
			);
			runOnlyForDeploymentPostprocessing = 0;
		};
		6C88E8FA2922649800B41574 /* Frameworks */ = {
			isa = PBXFrameworksBuildPhase;
			buildActionMask = 2147483647;
			files = (
			);
			runOnlyForDeploymentPostprocessing = 0;
		};
		6C88E9042922649800B41574 /* Frameworks */ = {
			isa = PBXFrameworksBuildPhase;
			buildActionMask = 2147483647;
			files = (
			);
			runOnlyForDeploymentPostprocessing = 0;
		};
/* End PBXFrameworksBuildPhase section */

/* Begin PBXGroup section */
		6C88E8DE2922649700B41574 = {
			isa = PBXGroup;
			children = (
				6C88E8E92922649700B41574 /* BookSearchApp_UIKitTCA */,
				6C88E9002922649800B41574 /* BookSearchApp_UIKitTCATests */,
				6C88E90A2922649800B41574 /* BookSearchApp_UIKitTCAUITests */,
				6C88E8E82922649700B41574 /* Products */,
			);
			sourceTree = "<group>";
		};
		6C88E8E82922649700B41574 /* Products */ = {
			isa = PBXGroup;
			children = (
				6C88E8E72922649700B41574 /* BookSearchApp_UIKitTCA.app */,
				6C88E8FD2922649800B41574 /* BookSearchApp_UIKitTCATests.xctest */,
				6C88E9072922649800B41574 /* BookSearchApp_UIKitTCAUITests.xctest */,
			);
			name = Products;
			sourceTree = "<group>";
		};
		6C88E8E92922649700B41574 /* BookSearchApp_UIKitTCA */ = {
			isa = PBXGroup;
			children = (
				6C88E9392922665F00B41574 /* Resources */,
				6C88E9382922665A00B41574 /* App */,
				6C88E9372922665500B41574 /* Common */,
				6C88E9362922664F00B41574 /* Network */,
				6C88E9352922664800B41574 /* Scenes */,
				6C88E9342922663300B41574 /* Model */,
				6C88E8EE2922649700B41574 /* ViewController.swift */,
				6C88E8F82922649800B41574 /* Info.plist */,
			);
			path = BookSearchApp_UIKitTCA;
			sourceTree = "<group>";
		};
		6C88E9002922649800B41574 /* BookSearchApp_UIKitTCATests */ = {
			isa = PBXGroup;
			children = (
				6C88E9012922649800B41574 /* BookSearchApp_UIKitTCATests.swift */,
			);
			path = BookSearchApp_UIKitTCATests;
			sourceTree = "<group>";
		};
		6C88E90A2922649800B41574 /* BookSearchApp_UIKitTCAUITests */ = {
			isa = PBXGroup;
			children = (
				6C88E90B2922649800B41574 /* BookSearchApp_UIKitTCAUITests.swift */,
				6C88E90D2922649800B41574 /* BookSearchApp_UIKitTCAUITestsLaunchTests.swift */,
			);
			path = BookSearchApp_UIKitTCAUITests;
			sourceTree = "<group>";
		};
		6C88E9342922663300B41574 /* Model */ = {
			isa = PBXGroup;
			children = (
			);
			path = Model;
			sourceTree = "<group>";
		};
		6C88E9352922664800B41574 /* Scenes */ = {
			isa = PBXGroup;
			children = (
			);
			path = Scenes;
			sourceTree = "<group>";
		};
		6C88E9362922664F00B41574 /* Network */ = {
			isa = PBXGroup;
			children = (
				6C88E93A2922684F00B41574 /* NetworkAPIDefinition.swift */,
				6C88E9442922693200B41574 /* NetworkAPIDefinition+Request.swift */,
				6C88E93C2922688000B41574 /* Network.swift */,
				6C88E93E292268A400B41574 /* NetworkAPI+URLInfo.swift */,
				6C88E940292268DB00B41574 /* NetworkAPI+Method.swift */,
				6C88E9422922690100B41574 /* NetworkAPI+RequestInfo.swift */,
			);
			path = Network;
			sourceTree = "<group>";
		};
		6C88E9372922665500B41574 /* Common */ = {
			isa = PBXGroup;
			children = (
			);
			path = Common;
			sourceTree = "<group>";
		};
		6C88E9382922665A00B41574 /* App */ = {
			isa = PBXGroup;
			children = (
				6C88E8EA2922649700B41574 /* AppDelegate.swift */,
				6C88E8EC2922649700B41574 /* SceneDelegate.swift */,
			);
			path = App;
			sourceTree = "<group>";
		};
		6C88E9392922665F00B41574 /* Resources */ = {
			isa = PBXGroup;
			children = (
				6C88E8F32922649800B41574 /* Assets.xcassets */,
				6C88E8F52922649800B41574 /* LaunchScreen.storyboard */,
			);
			path = Resources;
			sourceTree = "<group>";
		};
/* End PBXGroup section */

/* Begin PBXNativeTarget section */
		6C88E8E62922649700B41574 /* BookSearchApp_UIKitTCA */ = {
			isa = PBXNativeTarget;
			buildConfigurationList = 6C88E9112922649800B41574 /* Build configuration list for PBXNativeTarget "BookSearchApp_UIKitTCA" */;
			buildPhases = (
				6C88E8E32922649700B41574 /* Sources */,
				6C88E8E42922649700B41574 /* Frameworks */,
				6C88E8E52922649700B41574 /* Resources */,
			);
			buildRules = (
			);
			dependencies = (
			);
			name = BookSearchApp_UIKitTCA;
			packageProductDependencies = (
				6C88E91B2922653400B41574 /* ComposableArchitecture */,
				6C88E91D2922653400B41574 /* Dependencies */,
				6C88E9202922656100B41574 /* Alamofire */,
				6C88E9232922658A00B41574 /* SnapKit */,
				6C88E9262922659700B41574 /* Then */,
				6C88E929292265CF00B41574 /* RxCocoa */,
				6C88E92B292265CF00B41574 /* RxRelay */,
				6C88E92D292265CF00B41574 /* RxSwift */,
				6C88E930292265F900B41574 /* Differentiator */,
				6C88E932292265F900B41574 /* RxDataSources */,
			);
			productName = BookSearchApp_UIKitTCA;
			productReference = 6C88E8E72922649700B41574 /* BookSearchApp_UIKitTCA.app */;
			productType = "com.apple.product-type.application";
		};
		6C88E8FC2922649800B41574 /* BookSearchApp_UIKitTCATests */ = {
			isa = PBXNativeTarget;
			buildConfigurationList = 6C88E9142922649800B41574 /* Build configuration list for PBXNativeTarget "BookSearchApp_UIKitTCATests" */;
			buildPhases = (
				6C88E8F92922649800B41574 /* Sources */,
				6C88E8FA2922649800B41574 /* Frameworks */,
				6C88E8FB2922649800B41574 /* Resources */,
			);
			buildRules = (
			);
			dependencies = (
				6C88E8FF2922649800B41574 /* PBXTargetDependency */,
			);
			name = BookSearchApp_UIKitTCATests;
			productName = BookSearchApp_UIKitTCATests;
			productReference = 6C88E8FD2922649800B41574 /* BookSearchApp_UIKitTCATests.xctest */;
			productType = "com.apple.product-type.bundle.unit-test";
		};
		6C88E9062922649800B41574 /* BookSearchApp_UIKitTCAUITests */ = {
			isa = PBXNativeTarget;
			buildConfigurationList = 6C88E9172922649800B41574 /* Build configuration list for PBXNativeTarget "BookSearchApp_UIKitTCAUITests" */;
			buildPhases = (
				6C88E9032922649800B41574 /* Sources */,
				6C88E9042922649800B41574 /* Frameworks */,
				6C88E9052922649800B41574 /* Resources */,
			);
			buildRules = (
			);
			dependencies = (
				6C88E9092922649800B41574 /* PBXTargetDependency */,
			);
			name = BookSearchApp_UIKitTCAUITests;
			productName = BookSearchApp_UIKitTCAUITests;
			productReference = 6C88E9072922649800B41574 /* BookSearchApp_UIKitTCAUITests.xctest */;
			productType = "com.apple.product-type.bundle.ui-testing";
		};
/* End PBXNativeTarget section */

/* Begin PBXProject section */
		6C88E8DF2922649700B41574 /* Project object */ = {
			isa = PBXProject;
			attributes = {
				BuildIndependentTargetsInParallel = 1;
				LastSwiftUpdateCheck = 1400;
				LastUpgradeCheck = 1400;
				TargetAttributes = {
					6C88E8E62922649700B41574 = {
						CreatedOnToolsVersion = 14.0.1;
					};
					6C88E8FC2922649800B41574 = {
						CreatedOnToolsVersion = 14.0.1;
						TestTargetID = 6C88E8E62922649700B41574;
					};
					6C88E9062922649800B41574 = {
						CreatedOnToolsVersion = 14.0.1;
						TestTargetID = 6C88E8E62922649700B41574;
					};
				};
			};
			buildConfigurationList = 6C88E8E22922649700B41574 /* Build configuration list for PBXProject "BookSearchApp_UIKitTCA" */;
			compatibilityVersion = "Xcode 14.0";
			developmentRegion = en;
			hasScannedForEncodings = 0;
			knownRegions = (
				en,
				Base,
			);
			mainGroup = 6C88E8DE2922649700B41574;
			packageReferences = (
				6C88E91A2922653400B41574 /* XCRemoteSwiftPackageReference "swift-composable-architecture" */,
				6C88E91F2922656100B41574 /* XCRemoteSwiftPackageReference "Alamofire" */,
				6C88E9222922658A00B41574 /* XCRemoteSwiftPackageReference "SnapKit" */,
				6C88E9252922659700B41574 /* XCRemoteSwiftPackageReference "Then" */,
				6C88E928292265CF00B41574 /* XCRemoteSwiftPackageReference "RxSwift" */,
				6C88E92F292265F900B41574 /* XCRemoteSwiftPackageReference "RxDataSources" */,
			);
			productRefGroup = 6C88E8E82922649700B41574 /* Products */;
			projectDirPath = "";
			projectRoot = "";
			targets = (
				6C88E8E62922649700B41574 /* BookSearchApp_UIKitTCA */,
				6C88E8FC2922649800B41574 /* BookSearchApp_UIKitTCATests */,
				6C88E9062922649800B41574 /* BookSearchApp_UIKitTCAUITests */,
			);
		};
/* End PBXProject section */

/* Begin PBXResourcesBuildPhase section */
		6C88E8E52922649700B41574 /* Resources */ = {
			isa = PBXResourcesBuildPhase;
			buildActionMask = 2147483647;
			files = (
				6C88E8F72922649800B41574 /* LaunchScreen.storyboard in Resources */,
				6C88E8F42922649800B41574 /* Assets.xcassets in Resources */,
			);
			runOnlyForDeploymentPostprocessing = 0;
		};
		6C88E8FB2922649800B41574 /* Resources */ = {
			isa = PBXResourcesBuildPhase;
			buildActionMask = 2147483647;
			files = (
			);
			runOnlyForDeploymentPostprocessing = 0;
		};
		6C88E9052922649800B41574 /* Resources */ = {
			isa = PBXResourcesBuildPhase;
			buildActionMask = 2147483647;
			files = (
			);
			runOnlyForDeploymentPostprocessing = 0;
		};
/* End PBXResourcesBuildPhase section */

/* Begin PBXSourcesBuildPhase section */
		6C88E8E32922649700B41574 /* Sources */ = {
			isa = PBXSourcesBuildPhase;
			buildActionMask = 2147483647;
			files = (
				6C88E93D2922688000B41574 /* Network.swift in Sources */,
				6C88E93F292268A400B41574 /* NetworkAPI+URLInfo.swift in Sources */,
				6C88E941292268DB00B41574 /* NetworkAPI+Method.swift in Sources */,
				6C88E9432922690100B41574 /* NetworkAPI+RequestInfo.swift in Sources */,
				6C88E8EF2922649700B41574 /* ViewController.swift in Sources */,
				6C88E9452922693200B41574 /* NetworkAPIDefinition+Request.swift in Sources */,
				6C88E8EB2922649700B41574 /* AppDelegate.swift in Sources */,
				6C88E93B2922684F00B41574 /* NetworkAPIDefinition.swift in Sources */,
				6C88E8ED2922649700B41574 /* SceneDelegate.swift in Sources */,
			);
			runOnlyForDeploymentPostprocessing = 0;
		};
		6C88E8F92922649800B41574 /* Sources */ = {
			isa = PBXSourcesBuildPhase;
			buildActionMask = 2147483647;
			files = (
				6C88E9022922649800B41574 /* BookSearchApp_UIKitTCATests.swift in Sources */,
			);
			runOnlyForDeploymentPostprocessing = 0;
		};
		6C88E9032922649800B41574 /* Sources */ = {
			isa = PBXSourcesBuildPhase;
			buildActionMask = 2147483647;
			files = (
				6C88E90C2922649800B41574 /* BookSearchApp_UIKitTCAUITests.swift in Sources */,
				6C88E90E2922649800B41574 /* BookSearchApp_UIKitTCAUITestsLaunchTests.swift in Sources */,
			);
			runOnlyForDeploymentPostprocessing = 0;
		};
/* End PBXSourcesBuildPhase section */

/* Begin PBXTargetDependency section */
		6C88E8FF2922649800B41574 /* PBXTargetDependency */ = {
			isa = PBXTargetDependency;
			target = 6C88E8E62922649700B41574 /* BookSearchApp_UIKitTCA */;
			targetProxy = 6C88E8FE2922649800B41574 /* PBXContainerItemProxy */;
		};
		6C88E9092922649800B41574 /* PBXTargetDependency */ = {
			isa = PBXTargetDependency;
			target = 6C88E8E62922649700B41574 /* BookSearchApp_UIKitTCA */;
			targetProxy = 6C88E9082922649800B41574 /* PBXContainerItemProxy */;
		};
/* End PBXTargetDependency section */

/* Begin PBXVariantGroup section */
		6C88E8F52922649800B41574 /* LaunchScreen.storyboard */ = {
			isa = PBXVariantGroup;
			children = (
				6C88E8F62922649800B41574 /* Base */,
			);
			name = LaunchScreen.storyboard;
			sourceTree = "<group>";
		};
/* End PBXVariantGroup section */

/* Begin XCBuildConfiguration section */
		6C88E90F2922649800B41574 /* Debug */ = {
			isa = XCBuildConfiguration;
			buildSettings = {
				ALWAYS_SEARCH_USER_PATHS = NO;
				CLANG_ANALYZER_NONNULL = YES;
				CLANG_ANALYZER_NUMBER_OBJECT_CONVERSION = YES_AGGRESSIVE;
				CLANG_CXX_LANGUAGE_STANDARD = "gnu++20";
				CLANG_ENABLE_MODULES = YES;
				CLANG_ENABLE_OBJC_ARC = YES;
				CLANG_ENABLE_OBJC_WEAK = YES;
				CLANG_WARN_BLOCK_CAPTURE_AUTORELEASING = YES;
				CLANG_WARN_BOOL_CONVERSION = YES;
				CLANG_WARN_COMMA = YES;
				CLANG_WARN_CONSTANT_CONVERSION = YES;
				CLANG_WARN_DEPRECATED_OBJC_IMPLEMENTATIONS = YES;
				CLANG_WARN_DIRECT_OBJC_ISA_USAGE = YES_ERROR;
				CLANG_WARN_DOCUMENTATION_COMMENTS = YES;
				CLANG_WARN_EMPTY_BODY = YES;
				CLANG_WARN_ENUM_CONVERSION = YES;
				CLANG_WARN_INFINITE_RECURSION = YES;
				CLANG_WARN_INT_CONVERSION = YES;
				CLANG_WARN_NON_LITERAL_NULL_CONVERSION = YES;
				CLANG_WARN_OBJC_IMPLICIT_RETAIN_SELF = YES;
				CLANG_WARN_OBJC_LITERAL_CONVERSION = YES;
				CLANG_WARN_OBJC_ROOT_CLASS = YES_ERROR;
				CLANG_WARN_QUOTED_INCLUDE_IN_FRAMEWORK_HEADER = YES;
				CLANG_WARN_RANGE_LOOP_ANALYSIS = YES;
				CLANG_WARN_STRICT_PROTOTYPES = YES;
				CLANG_WARN_SUSPICIOUS_MOVE = YES;
				CLANG_WARN_UNGUARDED_AVAILABILITY = YES_AGGRESSIVE;
				CLANG_WARN_UNREACHABLE_CODE = YES;
				CLANG_WARN__DUPLICATE_METHOD_MATCH = YES;
				COPY_PHASE_STRIP = NO;
				DEBUG_INFORMATION_FORMAT = dwarf;
				ENABLE_STRICT_OBJC_MSGSEND = YES;
				ENABLE_TESTABILITY = YES;
				GCC_C_LANGUAGE_STANDARD = gnu11;
				GCC_DYNAMIC_NO_PIC = NO;
				GCC_NO_COMMON_BLOCKS = YES;
				GCC_OPTIMIZATION_LEVEL = 0;
				GCC_PREPROCESSOR_DEFINITIONS = (
					"DEBUG=1",
					"$(inherited)",
				);
				GCC_WARN_64_TO_32_BIT_CONVERSION = YES;
				GCC_WARN_ABOUT_RETURN_TYPE = YES_ERROR;
				GCC_WARN_UNDECLARED_SELECTOR = YES;
				GCC_WARN_UNINITIALIZED_AUTOS = YES_AGGRESSIVE;
				GCC_WARN_UNUSED_FUNCTION = YES;
				GCC_WARN_UNUSED_VARIABLE = YES;
				IPHONEOS_DEPLOYMENT_TARGET = 16.0;
				MTL_ENABLE_DEBUG_INFO = INCLUDE_SOURCE;
				MTL_FAST_MATH = YES;
				ONLY_ACTIVE_ARCH = YES;
				SDKROOT = iphoneos;
				SWIFT_ACTIVE_COMPILATION_CONDITIONS = DEBUG;
				SWIFT_OPTIMIZATION_LEVEL = "-Onone";
			};
			name = Debug;
		};
		6C88E9102922649800B41574 /* Release */ = {
			isa = XCBuildConfiguration;
			buildSettings = {
				ALWAYS_SEARCH_USER_PATHS = NO;
				CLANG_ANALYZER_NONNULL = YES;
				CLANG_ANALYZER_NUMBER_OBJECT_CONVERSION = YES_AGGRESSIVE;
				CLANG_CXX_LANGUAGE_STANDARD = "gnu++20";
				CLANG_ENABLE_MODULES = YES;
				CLANG_ENABLE_OBJC_ARC = YES;
				CLANG_ENABLE_OBJC_WEAK = YES;
				CLANG_WARN_BLOCK_CAPTURE_AUTORELEASING = YES;
				CLANG_WARN_BOOL_CONVERSION = YES;
				CLANG_WARN_COMMA = YES;
				CLANG_WARN_CONSTANT_CONVERSION = YES;
				CLANG_WARN_DEPRECATED_OBJC_IMPLEMENTATIONS = YES;
				CLANG_WARN_DIRECT_OBJC_ISA_USAGE = YES_ERROR;
				CLANG_WARN_DOCUMENTATION_COMMENTS = YES;
				CLANG_WARN_EMPTY_BODY = YES;
				CLANG_WARN_ENUM_CONVERSION = YES;
				CLANG_WARN_INFINITE_RECURSION = YES;
				CLANG_WARN_INT_CONVERSION = YES;
				CLANG_WARN_NON_LITERAL_NULL_CONVERSION = YES;
				CLANG_WARN_OBJC_IMPLICIT_RETAIN_SELF = YES;
				CLANG_WARN_OBJC_LITERAL_CONVERSION = YES;
				CLANG_WARN_OBJC_ROOT_CLASS = YES_ERROR;
				CLANG_WARN_QUOTED_INCLUDE_IN_FRAMEWORK_HEADER = YES;
				CLANG_WARN_RANGE_LOOP_ANALYSIS = YES;
				CLANG_WARN_STRICT_PROTOTYPES = YES;
				CLANG_WARN_SUSPICIOUS_MOVE = YES;
				CLANG_WARN_UNGUARDED_AVAILABILITY = YES_AGGRESSIVE;
				CLANG_WARN_UNREACHABLE_CODE = YES;
				CLANG_WARN__DUPLICATE_METHOD_MATCH = YES;
				COPY_PHASE_STRIP = NO;
				DEBUG_INFORMATION_FORMAT = "dwarf-with-dsym";
				ENABLE_NS_ASSERTIONS = NO;
				ENABLE_STRICT_OBJC_MSGSEND = YES;
				GCC_C_LANGUAGE_STANDARD = gnu11;
				GCC_NO_COMMON_BLOCKS = YES;
				GCC_WARN_64_TO_32_BIT_CONVERSION = YES;
				GCC_WARN_ABOUT_RETURN_TYPE = YES_ERROR;
				GCC_WARN_UNDECLARED_SELECTOR = YES;
				GCC_WARN_UNINITIALIZED_AUTOS = YES_AGGRESSIVE;
				GCC_WARN_UNUSED_FUNCTION = YES;
				GCC_WARN_UNUSED_VARIABLE = YES;
				IPHONEOS_DEPLOYMENT_TARGET = 16.0;
				MTL_ENABLE_DEBUG_INFO = NO;
				MTL_FAST_MATH = YES;
				SDKROOT = iphoneos;
				SWIFT_COMPILATION_MODE = wholemodule;
				SWIFT_OPTIMIZATION_LEVEL = "-O";
				VALIDATE_PRODUCT = YES;
			};
			name = Release;
		};
		6C88E9122922649800B41574 /* Debug */ = {
			isa = XCBuildConfiguration;
			buildSettings = {
				ASSETCATALOG_COMPILER_APPICON_NAME = AppIcon;
				ASSETCATALOG_COMPILER_GLOBAL_ACCENT_COLOR_NAME = AccentColor;
				CODE_SIGN_STYLE = Automatic;
				CURRENT_PROJECT_VERSION = 1;
				DEVELOPMENT_TEAM = L56LNTR7PZ;
				GENERATE_INFOPLIST_FILE = YES;
				INFOPLIST_FILE = BookSearchApp_UIKitTCA/Info.plist;
				INFOPLIST_KEY_UIApplicationSupportsIndirectInputEvents = YES;
				INFOPLIST_KEY_UILaunchStoryboardName = LaunchScreen;
				INFOPLIST_KEY_UIMainStoryboardFile = LaunchScreen;
				INFOPLIST_KEY_UISupportedInterfaceOrientations_iPad = "UIInterfaceOrientationPortrait UIInterfaceOrientationPortraitUpsideDown UIInterfaceOrientationLandscapeLeft UIInterfaceOrientationLandscapeRight";
				INFOPLIST_KEY_UISupportedInterfaceOrientations_iPhone = "UIInterfaceOrientationPortrait UIInterfaceOrientationLandscapeLeft UIInterfaceOrientationLandscapeRight";
				IPHONEOS_DEPLOYMENT_TARGET = 15.0;
				LD_RUNPATH_SEARCH_PATHS = (
					"$(inherited)",
					"@executable_path/Frameworks",
				);
				MARKETING_VERSION = 1.0.0;
				PRODUCT_BUNDLE_IDENTIFIER = "com.study.BookSearchApp-UIKitTCA";
				PRODUCT_NAME = "$(TARGET_NAME)";
				SUPPORTED_PLATFORMS = "iphoneos iphonesimulator";
				SUPPORTS_MACCATALYST = NO;
				SUPPORTS_MAC_DESIGNED_FOR_IPHONE_IPAD = NO;
				SWIFT_EMIT_LOC_STRINGS = YES;
				SWIFT_VERSION = 5.0;
				TARGETED_DEVICE_FAMILY = 1;
			};
			name = Debug;
		};
		6C88E9132922649800B41574 /* Release */ = {
			isa = XCBuildConfiguration;
			buildSettings = {
				ASSETCATALOG_COMPILER_APPICON_NAME = AppIcon;
				ASSETCATALOG_COMPILER_GLOBAL_ACCENT_COLOR_NAME = AccentColor;
				CODE_SIGN_STYLE = Automatic;
				CURRENT_PROJECT_VERSION = 1;
				DEVELOPMENT_TEAM = L56LNTR7PZ;
				GENERATE_INFOPLIST_FILE = YES;
				INFOPLIST_FILE = BookSearchApp_UIKitTCA/Info.plist;
				INFOPLIST_KEY_UIApplicationSupportsIndirectInputEvents = YES;
				INFOPLIST_KEY_UILaunchStoryboardName = LaunchScreen;
				INFOPLIST_KEY_UIMainStoryboardFile = LaunchScreen;
				INFOPLIST_KEY_UISupportedInterfaceOrientations_iPad = "UIInterfaceOrientationPortrait UIInterfaceOrientationPortraitUpsideDown UIInterfaceOrientationLandscapeLeft UIInterfaceOrientationLandscapeRight";
				INFOPLIST_KEY_UISupportedInterfaceOrientations_iPhone = "UIInterfaceOrientationPortrait UIInterfaceOrientationLandscapeLeft UIInterfaceOrientationLandscapeRight";
				IPHONEOS_DEPLOYMENT_TARGET = 15.0;
				LD_RUNPATH_SEARCH_PATHS = (
					"$(inherited)",
					"@executable_path/Frameworks",
				);
				MARKETING_VERSION = 1.0.0;
				PRODUCT_BUNDLE_IDENTIFIER = "com.study.BookSearchApp-UIKitTCA";
				PRODUCT_NAME = "$(TARGET_NAME)";
				SUPPORTED_PLATFORMS = "iphoneos iphonesimulator";
				SUPPORTS_MACCATALYST = NO;
				SUPPORTS_MAC_DESIGNED_FOR_IPHONE_IPAD = NO;
				SWIFT_EMIT_LOC_STRINGS = YES;
				SWIFT_VERSION = 5.0;
				TARGETED_DEVICE_FAMILY = 1;
			};
			name = Release;
		};
		6C88E9152922649800B41574 /* Debug */ = {
			isa = XCBuildConfiguration;
			buildSettings = {
				ALWAYS_EMBED_SWIFT_STANDARD_LIBRARIES = YES;
				BUNDLE_LOADER = "$(TEST_HOST)";
				CODE_SIGN_STYLE = Automatic;
				CURRENT_PROJECT_VERSION = 1;
				DEVELOPMENT_TEAM = L56LNTR7PZ;
				GENERATE_INFOPLIST_FILE = YES;
				IPHONEOS_DEPLOYMENT_TARGET = 16.0;
				MARKETING_VERSION = 1.0;
				PRODUCT_BUNDLE_IDENTIFIER = "com.study.BookSearchApp-UIKitTCATests";
				PRODUCT_NAME = "$(TARGET_NAME)";
				SWIFT_EMIT_LOC_STRINGS = NO;
				SWIFT_VERSION = 5.0;
				TARGETED_DEVICE_FAMILY = "1,2";
				TEST_HOST = "$(BUILT_PRODUCTS_DIR)/BookSearchApp_UIKitTCA.app/$(BUNDLE_EXECUTABLE_FOLDER_PATH)/BookSearchApp_UIKitTCA";
			};
			name = Debug;
		};
		6C88E9162922649800B41574 /* Release */ = {
			isa = XCBuildConfiguration;
			buildSettings = {
				ALWAYS_EMBED_SWIFT_STANDARD_LIBRARIES = YES;
				BUNDLE_LOADER = "$(TEST_HOST)";
				CODE_SIGN_STYLE = Automatic;
				CURRENT_PROJECT_VERSION = 1;
				DEVELOPMENT_TEAM = L56LNTR7PZ;
				GENERATE_INFOPLIST_FILE = YES;
				IPHONEOS_DEPLOYMENT_TARGET = 16.0;
				MARKETING_VERSION = 1.0;
				PRODUCT_BUNDLE_IDENTIFIER = "com.study.BookSearchApp-UIKitTCATests";
				PRODUCT_NAME = "$(TARGET_NAME)";
				SWIFT_EMIT_LOC_STRINGS = NO;
				SWIFT_VERSION = 5.0;
				TARGETED_DEVICE_FAMILY = "1,2";
				TEST_HOST = "$(BUILT_PRODUCTS_DIR)/BookSearchApp_UIKitTCA.app/$(BUNDLE_EXECUTABLE_FOLDER_PATH)/BookSearchApp_UIKitTCA";
			};
			name = Release;
		};
		6C88E9182922649800B41574 /* Debug */ = {
			isa = XCBuildConfiguration;
			buildSettings = {
				ALWAYS_EMBED_SWIFT_STANDARD_LIBRARIES = YES;
				CODE_SIGN_STYLE = Automatic;
				CURRENT_PROJECT_VERSION = 1;
				DEVELOPMENT_TEAM = L56LNTR7PZ;
				GENERATE_INFOPLIST_FILE = YES;
				MARKETING_VERSION = 1.0;
				PRODUCT_BUNDLE_IDENTIFIER = "com.study.BookSearchApp-UIKitTCAUITests";
				PRODUCT_NAME = "$(TARGET_NAME)";
				SWIFT_EMIT_LOC_STRINGS = NO;
				SWIFT_VERSION = 5.0;
				TARGETED_DEVICE_FAMILY = "1,2";
				TEST_TARGET_NAME = BookSearchApp_UIKitTCA;
			};
			name = Debug;
		};
		6C88E9192922649800B41574 /* Release */ = {
			isa = XCBuildConfiguration;
			buildSettings = {
				ALWAYS_EMBED_SWIFT_STANDARD_LIBRARIES = YES;
				CODE_SIGN_STYLE = Automatic;
				CURRENT_PROJECT_VERSION = 1;
				DEVELOPMENT_TEAM = L56LNTR7PZ;
				GENERATE_INFOPLIST_FILE = YES;
				MARKETING_VERSION = 1.0;
				PRODUCT_BUNDLE_IDENTIFIER = "com.study.BookSearchApp-UIKitTCAUITests";
				PRODUCT_NAME = "$(TARGET_NAME)";
				SWIFT_EMIT_LOC_STRINGS = NO;
				SWIFT_VERSION = 5.0;
				TARGETED_DEVICE_FAMILY = "1,2";
				TEST_TARGET_NAME = BookSearchApp_UIKitTCA;
			};
			name = Release;
		};
/* End XCBuildConfiguration section */

/* Begin XCConfigurationList section */
		6C88E8E22922649700B41574 /* Build configuration list for PBXProject "BookSearchApp_UIKitTCA" */ = {
			isa = XCConfigurationList;
			buildConfigurations = (
				6C88E90F2922649800B41574 /* Debug */,
				6C88E9102922649800B41574 /* Release */,
			);
			defaultConfigurationIsVisible = 0;
			defaultConfigurationName = Release;
		};
		6C88E9112922649800B41574 /* Build configuration list for PBXNativeTarget "BookSearchApp_UIKitTCA" */ = {
			isa = XCConfigurationList;
			buildConfigurations = (
				6C88E9122922649800B41574 /* Debug */,
				6C88E9132922649800B41574 /* Release */,
			);
			defaultConfigurationIsVisible = 0;
			defaultConfigurationName = Release;
		};
		6C88E9142922649800B41574 /* Build configuration list for PBXNativeTarget "BookSearchApp_UIKitTCATests" */ = {
			isa = XCConfigurationList;
			buildConfigurations = (
				6C88E9152922649800B41574 /* Debug */,
				6C88E9162922649800B41574 /* Release */,
			);
			defaultConfigurationIsVisible = 0;
			defaultConfigurationName = Release;
		};
		6C88E9172922649800B41574 /* Build configuration list for PBXNativeTarget "BookSearchApp_UIKitTCAUITests" */ = {
			isa = XCConfigurationList;
			buildConfigurations = (
				6C88E9182922649800B41574 /* Debug */,
				6C88E9192922649800B41574 /* Release */,
			);
			defaultConfigurationIsVisible = 0;
			defaultConfigurationName = Release;
		};
/* End XCConfigurationList section */

/* Begin XCRemoteSwiftPackageReference section */
		6C88E91A2922653400B41574 /* XCRemoteSwiftPackageReference "swift-composable-architecture" */ = {
			isa = XCRemoteSwiftPackageReference;
			repositoryURL = "https://github.com/pointfreeco/swift-composable-architecture";
			requirement = {
				branch = main;
				kind = branch;
			};
		};
		6C88E91F2922656100B41574 /* XCRemoteSwiftPackageReference "Alamofire" */ = {
			isa = XCRemoteSwiftPackageReference;
			repositoryURL = "https://github.com/Alamofire/Alamofire.git";
			requirement = {
				branch = master;
				kind = branch;
			};
		};
		6C88E9222922658A00B41574 /* XCRemoteSwiftPackageReference "SnapKit" */ = {
			isa = XCRemoteSwiftPackageReference;
			repositoryURL = "https://github.com/SnapKit/SnapKit.git";
			requirement = {
				kind = upToNextMajorVersion;
				minimumVersion = 5.0.0;
			};
		};
		6C88E9252922659700B41574 /* XCRemoteSwiftPackageReference "Then" */ = {
			isa = XCRemoteSwiftPackageReference;
			repositoryURL = "https://github.com/devxoul/Then";
			requirement = {
				branch = master;
				kind = branch;
			};
		};
		6C88E928292265CF00B41574 /* XCRemoteSwiftPackageReference "RxSwift" */ = {
			isa = XCRemoteSwiftPackageReference;
			repositoryURL = "https://github.com/ReactiveX/RxSwift.git";
			requirement = {
				branch = main;
				kind = branch;
			};
		};
		6C88E92F292265F900B41574 /* XCRemoteSwiftPackageReference "RxDataSources" */ = {
			isa = XCRemoteSwiftPackageReference;
			repositoryURL = "https://github.com/RxSwiftCommunity/RxDataSources.git";
			requirement = {
				branch = main;
				kind = branch;
			};
		};
/* End XCRemoteSwiftPackageReference section */

/* Begin XCSwiftPackageProductDependency section */
		6C88E91B2922653400B41574 /* ComposableArchitecture */ = {
			isa = XCSwiftPackageProductDependency;
			package = 6C88E91A2922653400B41574 /* XCRemoteSwiftPackageReference "swift-composable-architecture" */;
			productName = ComposableArchitecture;
		};
		6C88E91D2922653400B41574 /* Dependencies */ = {
			isa = XCSwiftPackageProductDependency;
			package = 6C88E91A2922653400B41574 /* XCRemoteSwiftPackageReference "swift-composable-architecture" */;
			productName = Dependencies;
		};
		6C88E9202922656100B41574 /* Alamofire */ = {
			isa = XCSwiftPackageProductDependency;
			package = 6C88E91F2922656100B41574 /* XCRemoteSwiftPackageReference "Alamofire" */;
			productName = Alamofire;
		};
		6C88E9232922658A00B41574 /* SnapKit */ = {
			isa = XCSwiftPackageProductDependency;
			package = 6C88E9222922658A00B41574 /* XCRemoteSwiftPackageReference "SnapKit" */;
			productName = SnapKit;
		};
		6C88E9262922659700B41574 /* Then */ = {
			isa = XCSwiftPackageProductDependency;
			package = 6C88E9252922659700B41574 /* XCRemoteSwiftPackageReference "Then" */;
			productName = Then;
		};
		6C88E929292265CF00B41574 /* RxCocoa */ = {
			isa = XCSwiftPackageProductDependency;
			package = 6C88E928292265CF00B41574 /* XCRemoteSwiftPackageReference "RxSwift" */;
			productName = RxCocoa;
		};
		6C88E92B292265CF00B41574 /* RxRelay */ = {
			isa = XCSwiftPackageProductDependency;
			package = 6C88E928292265CF00B41574 /* XCRemoteSwiftPackageReference "RxSwift" */;
			productName = RxRelay;
		};
		6C88E92D292265CF00B41574 /* RxSwift */ = {
			isa = XCSwiftPackageProductDependency;
			package = 6C88E928292265CF00B41574 /* XCRemoteSwiftPackageReference "RxSwift" */;
			productName = RxSwift;
		};
		6C88E930292265F900B41574 /* Differentiator */ = {
			isa = XCSwiftPackageProductDependency;
			package = 6C88E92F292265F900B41574 /* XCRemoteSwiftPackageReference "RxDataSources" */;
			productName = Differentiator;
		};
		6C88E932292265F900B41574 /* RxDataSources */ = {
			isa = XCSwiftPackageProductDependency;
			package = 6C88E92F292265F900B41574 /* XCRemoteSwiftPackageReference "RxDataSources" */;
			productName = RxDataSources;
		};
/* End XCSwiftPackageProductDependency section */
	};
	rootObject = 6C88E8DF2922649700B41574 /* Project object */;
}
